#MicroXplorer Configuration settings - do not modify
Mcu.Family=STM32F1
ProjectManager.MainLocation=Src
PA2.GPIO_PuPd=GPIO_PULLUP
PB13.GPIOParameters=GPIO_Label
ProjectManager.ProjectFileName=Laba4.ioc
PB8.GPIOParameters=GPIO_Label
PB9.GPIO_Label=Q1
ProjectManager.KeepUserCode=true
Mcu.UserName=STM32F103C6Tx
Mcu.PinsNb=17
ProjectManager.NoMain=false
USART1.BaudRate=2400
RCC.PLLCLKFreq_Value=8000000
PB14.GPIO_Label=Q6
PA3.GPIO_PuPd=GPIO_PULLUP
ProjectManager.functionlistsort=1-MX_GPIO_Init-GPIO-false-HAL-true,2-SystemClock_Config-RCC-false-HAL-false,3-MX_USART1_UART_Init-USART1-false-HAL-true
PB11.GPIO_Label=Q3
PA3.GPIOParameters=GPIO_PuPd,GPIO_Label
ProjectManager.DefaultFWLocation=true
PB12.Locked=true
ProjectManager.DeletePrevious=true
USART1.IPParameters=VirtualMode,BaudRate
PB14.Locked=true
PB10.Locked=true
PB13.GPIO_Label=Q5
PB11.Signal=GPIO_Input
PB13.Signal=GPIO_Input
PB15.Signal=GPIO_Input
VP_SYS_VS_ND.Mode=No_Debug
PA2.GPIOParameters=GPIO_PuPd,GPIO_Label
PinOutPanel.RotationAngle=0
RCC.FamilyName=M
ProjectManager.StackSize=0x400
PB5.GPIOParameters=PinState,GPIO_PuPd,GPIO_Label
PB9.GPIOParameters=GPIO_Label
NVIC.SVCall_IRQn=true\:0\:0\:false\:false\:true\:false\:false
Mcu.IP2=SYS
PB8.GPIO_Label=Q0
Mcu.IP3=USART1
PB4.GPIOParameters=GPIO_Label
Mcu.IP0=NVIC
PA9.Mode=Half_duplex(single_wire_mode)
Mcu.IP1=RCC
Mcu.UserConstants=
ProjectManager.TargetToolchain=SW4STM32
PB10.GPIO_Label=Q2
Mcu.ThirdPartyNb=0
Mcu.IPNb=4
ProjectManager.PreviousToolchain=SW4STM32
PA9.Signal=USART1_TX
PB5.PinState=GPIO_PIN_SET
PB11.GPIOParameters=GPIO_Label
PB5.Locked=true
PB9.Locked=true
Mcu.Pin6=PB12
Mcu.Pin7=PB13
Mcu.Pin8=PB14
Mcu.Pin9=PB15
PB13.Locked=true
Mcu.Pin0=PA2
Mcu.Pin1=PA3
GPIO.groupedBy=Group By Peripherals
Mcu.Pin2=PA4
PB10.Signal=GPIO_Input
Mcu.Pin3=PA5
Mcu.Pin4=PB10
Mcu.Pin5=PB11
PB14.Signal=GPIO_Input
PA5.Signal=GPIO_Input
ProjectManager.ProjectBuild=false
NVIC.UsageFault_IRQn=true\:0\:0\:false\:false\:true\:false\:false
NVIC.DebugMonitor_IRQn=true\:0\:0\:false\:false\:true\:false\:false
PA4.GPIO_PuPd=GPIO_PULLUP
board=custom
PA4.Locked=true
NVIC.SysTick_IRQn=true\:0\:0\:false\:false\:true\:false\:true
ProjectManager.LastFirmware=true
PB12.GPIO_Label=Q4
ProjectManager.FirmwarePackage=STM32Cube FW_F1 V1.8.0
MxDb.Version=DB.5.0.60
RCC.APB2Freq_Value=8000000
ProjectManager.BackupPrevious=false
MxCube.Version=5.6.1
PB4.GPIO_Label=CLK
PB15.GPIO_Label=Q7
PA5.GPIO_PuPd=GPIO_PULLUP
File.Version=6
VP_SYS_VS_Systick.Mode=SysTick
VP_SYS_VS_ND.Signal=SYS_VS_ND
PB8.Locked=true
NVIC.NonMaskableInt_IRQn=true\:0\:0\:false\:false\:true\:false\:false
PA4.GPIOParameters=GPIO_PuPd,GPIO_Label
NVIC.PendSV_IRQn=true\:0\:0\:false\:false\:true\:false\:false
PB15.GPIOParameters=GPIO_Label
ProjectManager.FreePins=false
RCC.IPParameters=APB1Freq_Value,APB2Freq_Value,FamilyName,PLLCLKFreq_Value,PLLMCOFreq_Value,TimSysFreq_Value
ProjectManager.AskForMigrate=true
Mcu.Name=STM32F103C(4-6)Tx
ProjectManager.HalAssertFull=false
PA2.Signal=GPIO_Input
ProjectManager.ProjectName=Laba4
ProjectManager.UnderRoot=true
RCC.PLLMCOFreq_Value=4000000
ProjectManager.CoupleFile=false
PB4.Locked=true
PA4.Signal=GPIO_Input
Mcu.Package=LQFP48
PB5.Signal=GPIO_Output
PB9.Signal=GPIO_Input
RCC.TimSysFreq_Value=8000000
PA5.Locked=true
PA3.Locked=true
PA5.GPIO_Label=S5
NVIC.ForceEnableDMAVector=true
KeepUserPlacement=false
PB5.GPIO_PuPd=GPIO_NOPULL
NVIC.MemoryManagement_IRQn=true\:0\:0\:false\:false\:true\:false\:false
USART1.VirtualMode=VM_ASYNC
ProjectManager.CompilerOptimize=6
ProjectManager.ToolChainLocation=
PA2.GPIO_Label=S2
VP_SYS_VS_Systick.Signal=SYS_VS_Systick
ProjectManager.HeapSize=0x200
Mcu.Pin15=VP_SYS_VS_ND
NVIC.HardFault_IRQn=true\:0\:0\:false\:false\:true\:false\:false
Mcu.Pin16=VP_SYS_VS_Systick
PA5.GPIOParameters=GPIO_PuPd,GPIO_Label
Mcu.Pin13=PB8
Mcu.Pin14=PB9
PB14.GPIOParameters=GPIO_Label
ProjectManager.ComputerToolchain=false
NVIC.PriorityGroup=NVIC_PRIORITYGROUP_4
Mcu.Pin11=PB4
PB5.GPIO_Label=HOLD
Mcu.Pin12=PB5
Mcu.Pin10=PA9
PB8.Signal=GPIO_Input
NVIC.BusFault_IRQn=true\:0\:0\:false\:false\:true\:false\:false
PB10.GPIOParameters=GPIO_Label
NVIC.USART1_IRQn=true\:0\:0\:false\:false\:true\:true\:true
RCC.APB1Freq_Value=8000000
PA4.GPIO_Label=S4
ProjectManager.CustomerFirmwarePackage=
PB11.Locked=true
ProjectManager.DeviceId=STM32F103C6Tx
PB12.GPIOParameters=GPIO_Label
PB12.Signal=GPIO_Input
ProjectManager.LibraryCopy=1
PB15.Locked=true
PB4.Signal=GPIO_Input
PA3.GPIO_Label=S3
PA3.Signal=GPIO_Input
PA2.Locked=true
